
Microsoft Visual Studio Solution File, Format Version 12.00
# Visual Studio Version 16
VisualStudioVersion = 16.0.32106.194
MinimumVisualStudioVersion = 10.0.40219.1
Project("{FAE04EC0-301F-11D3-BF4B-00C04F79EFBC}") = "P225HomeWork", "P225HomeWork.csproj", "{F3841702-E60E-4CEB-95F8-9935E92DB16C}"
EndProject
Global
	GlobalSection(SolutionConfigurationPlatforms) = preSolution
		Debug|Any CPU = Debug|Any CPU
		Release|Any CPU = Release|Any CPU
	EndGlobalSection
	GlobalSection(ProjectConfigurationPlatforms) = postSolution
		{F3841702-E60E-4CEB-95F8-9935E92DB16C}.Debug|Any CPU.ActiveCfg = Debug|Any CPU
		{F3841702-E60E-4CEB-95F8-9935E92DB16C}.Debug|Any CPU.Build.0 = Debug|Any CPU
		{F3841702-E60E-4CEB-95F8-9935E92DB16C}.Release|Any CPU.ActiveCfg = Release|Any CPU
		{F3841702-E60E-4CEB-95F8-9935E92DB16C}.Release|Any CPU.Build.0 = Release|Any CPU
	EndGlobalSection
	GlobalSection(SolutionProperties) = preSolution
		HideSolutionNode = FALSE
	EndGlobalSection
	GlobalSection(ExtensibilityGlobals) = postSolution
		SolutionGuid = {E4BB87C1-BED6-4A1D-80EF-2A2927559019}
	EndGlobalSection
EndGlobal
